// !$*UTF8*$!
{
	archiveVersion = 1;
	classes = {
	};
	objectVersion = 77;
	objects = {

/* Begin PBXContainerItemProxy section */
		DBCF4AC62D64ADFA00FD7E8F /* PBXContainerItemProxy */ = {
			isa = PBXContainerItemProxy;
			containerPortal = DBCF4AAC2D64ADF900FD7E8F /* Project object */;
			proxyType = 1;
			remoteGlobalIDString = DBCF4AB32D64ADF900FD7E8F;
			remoteInfo = NavigationViewTest;
		};
		DBCF4AD02D64ADFA00FD7E8F /* PBXContainerItemProxy */ = {
			isa = PBXContainerItemProxy;
			containerPortal = DBCF4AAC2D64ADF900FD7E8F /* Project object */;
			proxyType = 1;
			remoteGlobalIDString = DBCF4AB32D64ADF900FD7E8F;
			remoteInfo = NavigationViewTest;
		};
/* End PBXContainerItemProxy section */

/* Begin PBXFileReference section */
		DBCF4AB42D64ADF900FD7E8F /* NavigationViewTest.app */ = {isa = PBXFileReference; explicitFileType = wrapper.application; includeInIndex = 0; path = NavigationViewTest.app; sourceTree = BUILT_PRODUCTS_DIR; };
		DBCF4AC52D64ADFA00FD7E8F /* NavigationViewTestTests.xctest */ = {isa = PBXFileReference; explicitFileType = wrapper.cfbundle; includeInIndex = 0; path = NavigationViewTestTests.xctest; sourceTree = BUILT_PRODUCTS_DIR; };
		DBCF4ACF2D64ADFA00FD7E8F /* NavigationViewTestUITests.xctest */ = {isa = PBXFileReference; explicitFileType = wrapper.cfbundle; includeInIndex = 0; path = NavigationViewTestUITests.xctest; sourceTree = BUILT_PRODUCTS_DIR; };
/* End PBXFileReference section */

/* Begin PBXFileSystemSynchronizedRootGroup section */
		DBCF4AB62D64ADF900FD7E8F /* NavigationViewTest */ = {
			isa = PBXFileSystemSynchronizedRootGroup;
			path = NavigationViewTest;
			sourceTree = "<group>";
		};
		DBCF4AC82D64ADFA00FD7E8F /* NavigationViewTestTests */ = {
			isa = PBXFileSystemSynchronizedRootGroup;
			path = NavigationViewTestTests;
			sourceTree = "<group>";
		};
		DBCF4AD22D64ADFA00FD7E8F /* NavigationViewTestUITests */ = {
			isa = PBXFileSystemSynchronizedRootGroup;
			path = NavigationViewTestUITests;
			sourceTree = "<group>";
		};
/* End PBXFileSystemSynchronizedRootGroup section */

/* Begin PBXFrameworksBuildPhase section */
		DBCF4AB12D64ADF900FD7E8F /* Frameworks */ = {
			isa = PBXFrameworksBuildPhase;
			buildActionMask = 2147483647;
			files = (
			);
			runOnlyForDeploymentPostprocessing = 0;
		};
		DBCF4AC22D64ADFA00FD7E8F /* Frameworks */ = {
			isa = PBXFrameworksBuildPhase;
			buildActionMask = 2147483647;
			files = (
			);
			runOnlyForDeploymentPostprocessing = 0;
		};
		DBCF4ACC2D64ADFA00FD7E8F /* Frameworks */ = {
			isa = PBXFrameworksBuildPhase;
			buildActionMask = 2147483647;
			files = (
			);
			runOnlyForDeploymentPostprocessing = 0;
		};
/* End PBXFrameworksBuildPhase section */

/* Begin PBXGroup section */
		DBCF4AAB2D64ADF900FD7E8F = {
			isa = PBXGroup;
			children = (
				DBCF4AB62D64ADF900FD7E8F /* NavigationViewTest */,
				DBCF4AC82D64ADFA00FD7E8F /* NavigationViewTestTests */,
				DBCF4AD22D64ADFA00FD7E8F /* NavigationViewTestUITests */,
				DBCF4AB52D64ADF900FD7E8F /* Products */,
			);
			sourceTree = "<group>";
		};
		DBCF4AB52D64ADF900FD7E8F /* Products */ = {
			isa = PBXGroup;
			children = (
				DBCF4AB42D64ADF900FD7E8F /* NavigationViewTest.app */,
				DBCF4AC52D64ADFA00FD7E8F /* NavigationViewTestTests.xctest */,
				DBCF4ACF2D64ADFA00FD7E8F /* NavigationViewTestUITests.xctest */,
			);
			name = Products;
			sourceTree = "<group>";
		};
/* End PBXGroup section */

/* Begin PBXNativeTarget section */
		DBCF4AB32D64ADF900FD7E8F /* NavigationViewTest */ = {
			isa = PBXNativeTarget;
			buildConfigurationList = DBCF4AD92D64ADFA00FD7E8F /* Build configuration list for PBXNativeTarget "NavigationViewTest" */;
			buildPhases = (
				DBCF4AB02D64ADF900FD7E8F /* Sources */,
				DBCF4AB12D64ADF900FD7E8F /* Frameworks */,
				DBCF4AB22D64ADF900FD7E8F /* Resources */,
			);
			buildRules = (
			);
			dependencies = (
			);
			fileSystemSynchronizedGroups = (
				DBCF4AB62D64ADF900FD7E8F /* NavigationViewTest */,
			);
			name = NavigationViewTest;
			packageProductDependencies = (
			);
			productName = NavigationViewTest;
			productReference = DBCF4AB42D64ADF900FD7E8F /* NavigationViewTest.app */;
			productType = "com.apple.product-type.application";
		};
		DBCF4AC42D64ADFA00FD7E8F /* NavigationViewTestTests */ = {
			isa = PBXNativeTarget;
			buildConfigurationList = DBCF4ADC2D64ADFA00FD7E8F /* Build configuration list for PBXNativeTarget "NavigationViewTestTests" */;
			buildPhases = (
				DBCF4AC12D64ADFA00FD7E8F /* Sources */,
				DBCF4AC22D64ADFA00FD7E8F /* Frameworks */,
				DBCF4AC32D64ADFA00FD7E8F /* Resources */,
			);
			buildRules = (
			);
			dependencies = (
				DBCF4AC72D64ADFA00FD7E8F /* PBXTargetDependency */,
			);
			fileSystemSynchronizedGroups = (
				DBCF4AC82D64ADFA00FD7E8F /* NavigationViewTestTests */,
			);
			name = NavigationViewTestTests;
			packageProductDependencies = (
			);
			productName = NavigationViewTestTests;
			productReference = DBCF4AC52D64ADFA00FD7E8F /* NavigationViewTestTests.xctest */;
			productType = "com.apple.product-type.bundle.unit-test";
		};
		DBCF4ACE2D64ADFA00FD7E8F /* NavigationViewTestUITests */ = {
			isa = PBXNativeTarget;
			buildConfigurationList = DBCF4ADF2D64ADFA00FD7E8F /* Build configuration list for PBXNativeTarget "NavigationViewTestUITests" */;
			buildPhases = (
				DBCF4ACB2D64ADFA00FD7E8F /* Sources */,
				DBCF4ACC2D64ADFA00FD7E8F /* Frameworks */,
				DBCF4ACD2D64ADFA00FD7E8F /* Resources */,
			);
			buildRules = (
			);
			dependencies = (
				DBCF4AD12D64ADFA00FD7E8F /* PBXTargetDependency */,
			);
			fileSystemSynchronizedGroups = (
				DBCF4AD22D64ADFA00FD7E8F /* NavigationViewTestUITests */,
			);
			name = NavigationViewTestUITests;
			packageProductDependencies = (
			);
			productName = NavigationViewTestUITests;
			productReference = DBCF4ACF2D64ADFA00FD7E8F /* NavigationViewTestUITests.xctest */;
			productType = "com.apple.product-type.bundle.ui-testing";
		};
/* End PBXNativeTarget section */

/* Begin PBXProject section */
		DBCF4AAC2D64ADF900FD7E8F /* Project object */ = {
			isa = PBXProject;
			attributes = {
				BuildIndependentTargetsInParallel = 1;
				LastSwiftUpdateCheck = 1620;
				LastUpgradeCheck = 1620;
				TargetAttributes = {
					DBCF4AB32D64ADF900FD7E8F = {
						CreatedOnToolsVersion = 16.2;
					};
					DBCF4AC42D64ADFA00FD7E8F = {
						CreatedOnToolsVersion = 16.2;
						TestTargetID = DBCF4AB32D64ADF900FD7E8F;
					};
					DBCF4ACE2D64ADFA00FD7E8F = {
						CreatedOnToolsVersion = 16.2;
						TestTargetID = DBCF4AB32D64ADF900FD7E8F;
					};
				};
			};
			buildConfigurationList = DBCF4AAF2D64ADF900FD7E8F /* Build configuration list for PBXProject "NavigationViewTest" */;
			developmentRegion = en;
			hasScannedForEncodings = 0;
			knownRegions = (
				en,
				Base,
			);
			mainGroup = DBCF4AAB2D64ADF900FD7E8F;
			minimizedProjectReferenceProxies = 1;
			preferredProjectObjectVersion = 77;
			productRefGroup = DBCF4AB52D64ADF900FD7E8F /* Products */;
			projectDirPath = "";
			projectRoot = "";
			targets = (
				DBCF4AB32D64ADF900FD7E8F /* NavigationViewTest */,
				DBCF4AC42D64ADFA00FD7E8F /* NavigationViewTestTests */,
				DBCF4ACE2D64ADFA00FD7E8F /* NavigationViewTestUITests */,
			);
		};
/* End PBXProject section */

/* Begin PBXResourcesBuildPhase section */
		DBCF4AB22D64ADF900FD7E8F /* Resources */ = {
			isa = PBXResourcesBuildPhase;
			buildActionMask = 2147483647;
			files = (
			);
			runOnlyForDeploymentPostprocessing = 0;
		};
		DBCF4AC32D64ADFA00FD7E8F /* Resources */ = {
			isa = PBXResourcesBuildPhase;
			buildActionMask = 2147483647;
			files = (
			);
			runOnlyForDeploymentPostprocessing = 0;
		};
		DBCF4ACD2D64ADFA00FD7E8F /* Resources */ = {
			isa = PBXResourcesBuildPhase;
			buildActionMask = 2147483647;
			files = (
			);
			runOnlyForDeploymentPostprocessing = 0;
		};
/* End PBXResourcesBuildPhase section */

/* Begin PBXSourcesBuildPhase section */
		DBCF4AB02D64ADF900FD7E8F /* Sources */ = {
			isa = PBXSourcesBuildPhase;
			buildActionMask = 2147483647;
			files = (
			);
			runOnlyForDeploymentPostprocessing = 0;
		};
		DBCF4AC12D64ADFA00FD7E8F /* Sources */ = {
			isa = PBXSourcesBuildPhase;
			buildActionMask = 2147483647;
			files = (
			);
			runOnlyForDeploymentPostprocessing = 0;
		};
		DBCF4ACB2D64ADFA00FD7E8F /* Sources */ = {
			isa = PBXSourcesBuildPhase;
			buildActionMask = 2147483647;
			files = (
			);
			runOnlyForDeploymentPostprocessing = 0;
		};
/* End PBXSourcesBuildPhase section */

/* Begin PBXTargetDependency section */
		DBCF4AC72D64ADFA00FD7E8F /* PBXTargetDependency */ = {
			isa = PBXTargetDependency;
			target = DBCF4AB32D64ADF900FD7E8F /* NavigationViewTest */;
			targetProxy = DBCF4AC62D64ADFA00FD7E8F /* PBXContainerItemProxy */;
		};
		DBCF4AD12D64ADFA00FD7E8F /* PBXTargetDependency */ = {
			isa = PBXTargetDependency;
			target = DBCF4AB32D64ADF900FD7E8F /* NavigationViewTest */;
			targetProxy = DBCF4AD02D64ADFA00FD7E8F /* PBXContainerItemProxy */;
		};
/* End PBXTargetDependency section */

/* Begin XCBuildConfiguration section */
		DBCF4AD72D64ADFA00FD7E8F /* Debug */ = {
			isa = XCBuildConfiguration;
			buildSettings = {
				ALWAYS_SEARCH_USER_PATHS = NO;
				ASSETCATALOG_COMPILER_GENERATE_SWIFT_ASSET_SYMBOL_EXTENSIONS = YES;
				CLANG_ANALYZER_NONNULL = YES;
				CLANG_ANALYZER_NUMBER_OBJECT_CONVERSION = YES_AGGRESSIVE;
				CLANG_CXX_LANGUAGE_STANDARD = "gnu++20";
				CLANG_ENABLE_MODULES = YES;
				CLANG_ENABLE_OBJC_ARC = YES;
				CLANG_ENABLE_OBJC_WEAK = YES;
				CLANG_WARN_BLOCK_CAPTURE_AUTORELEASING = YES;
				CLANG_WARN_BOOL_CONVERSION = YES;
				CLANG_WARN_COMMA = YES;
				CLANG_WARN_CONSTANT_CONVERSION = YES;
				CLANG_WARN_DEPRECATED_OBJC_IMPLEMENTATIONS = YES;
				CLANG_WARN_DIRECT_OBJC_ISA_USAGE = YES_ERROR;
				CLANG_WARN_DOCUMENTATION_COMMENTS = YES;
				CLANG_WARN_EMPTY_BODY = YES;
				CLANG_WARN_ENUM_CONVERSION = YES;
				CLANG_WARN_INFINITE_RECURSION = YES;
				CLANG_WARN_INT_CONVERSION = YES;
				CLANG_WARN_NON_LITERAL_NULL_CONVERSION = YES;
				CLANG_WARN_OBJC_IMPLICIT_RETAIN_SELF = YES;
				CLANG_WARN_OBJC_LITERAL_CONVERSION = YES;
				CLANG_WARN_OBJC_ROOT_CLASS = YES_ERROR;
				CLANG_WARN_QUOTED_INCLUDE_IN_FRAMEWORK_HEADER = YES;
				CLANG_WARN_RANGE_LOOP_ANALYSIS = YES;
				CLANG_WARN_STRICT_PROTOTYPES = YES;
				CLANG_WARN_SUSPICIOUS_MOVE = YES;
				CLANG_WARN_UNGUARDED_AVAILABILITY = YES_AGGRESSIVE;
				CLANG_WARN_UNREACHABLE_CODE = YES;
				CLANG_WARN__DUPLICATE_METHOD_MATCH = YES;
				COPY_PHASE_STRIP = NO;
				DEBUG_INFORMATION_FORMAT = dwarf;
				ENABLE_STRICT_OBJC_MSGSEND = YES;
				ENABLE_TESTABILITY = YES;
				ENABLE_USER_SCRIPT_SANDBOXING = YES;
				GCC_C_LANGUAGE_STANDARD = gnu17;
				GCC_DYNAMIC_NO_PIC = NO;
				GCC_NO_COMMON_BLOCKS = YES;
				GCC_OPTIMIZATION_LEVEL = 0;
				GCC_PREPROCESSOR_DEFINITIONS = (
					"DEBUG=1",
					"$(inherited)",
				);
				GCC_WARN_64_TO_32_BIT_CONVERSION = YES;
				GCC_WARN_ABOUT_RETURN_TYPE = YES_ERROR;
				GCC_WARN_UNDECLARED_SELECTOR = YES;
				GCC_WARN_UNINITIALIZED_AUTOS = YES_AGGRESSIVE;
				GCC_WARN_UNUSED_FUNCTION = YES;
				GCC_WARN_UNUSED_VARIABLE = YES;
				LOCALIZATION_PREFERS_STRING_CATALOGS = YES;
				MTL_ENABLE_DEBUG_INFO = INCLUDE_SOURCE;
				MTL_FAST_MATH = YES;
				ONLY_ACTIVE_ARCH = YES;
				SWIFT_ACTIVE_COMPILATION_CONDITIONS = "DEBUG $(inherited)";
				SWIFT_OPTIMIZATION_LEVEL = "-Onone";
			};
			name = Debug;
		};
		DBCF4AD82D64ADFA00FD7E8F /* Release */ = {
			isa = XCBuildConfiguration;
			buildSettings = {
				ALWAYS_SEARCH_USER_PATHS = NO;
				ASSETCATALOG_COMPILER_GENERATE_SWIFT_ASSET_SYMBOL_EXTENSIONS = YES;
				CLANG_ANALYZER_NONNULL = YES;
				CLANG_ANALYZER_NUMBER_OBJECT_CONVERSION = YES_AGGRESSIVE;
				CLANG_CXX_LANGUAGE_STANDARD = "gnu++20";
				CLANG_ENABLE_MODULES = YES;
				CLANG_ENABLE_OBJC_ARC = YES;
				CLANG_ENABLE_OBJC_WEAK = YES;
				CLANG_WARN_BLOCK_CAPTURE_AUTORELEASING = YES;
				CLANG_WARN_BOOL_CONVERSION = YES;
				CLANG_WARN_COMMA = YES;
				CLANG_WARN_CONSTANT_CONVERSION = YES;
				CLANG_WARN_DEPRECATED_OBJC_IMPLEMENTATIONS = YES;
				CLANG_WARN_DIRECT_OBJC_ISA_USAGE = YES_ERROR;
				CLANG_WARN_DOCUMENTATION_COMMENTS = YES;
				CLANG_WARN_EMPTY_BODY = YES;
				CLANG_WARN_ENUM_CONVERSION = YES;
				CLANG_WARN_INFINITE_RECURSION = YES;
				CLANG_WARN_INT_CONVERSION = YES;
				CLANG_WARN_NON_LITERAL_NULL_CONVERSION = YES;
				CLANG_WARN_OBJC_IMPLICIT_RETAIN_SELF = YES;
				CLANG_WARN_OBJC_LITERAL_CONVERSION = YES;
				CLANG_WARN_OBJC_ROOT_CLASS = YES_ERROR;
				CLANG_WARN_QUOTED_INCLUDE_IN_FRAMEWORK_HEADER = YES;
				CLANG_WARN_RANGE_LOOP_ANALYSIS = YES;
				CLANG_WARN_STRICT_PROTOTYPES = YES;
				CLANG_WARN_SUSPICIOUS_MOVE = YES;
				CLANG_WARN_UNGUARDED_AVAILABILITY = YES_AGGRESSIVE;
				CLANG_WARN_UNREACHABLE_CODE = YES;
				CLANG_WARN__DUPLICATE_METHOD_MATCH = YES;
				COPY_PHASE_STRIP = NO;
				DEBUG_INFORMATION_FORMAT = "dwarf-with-dsym";
				ENABLE_NS_ASSERTIONS = NO;
				ENABLE_STRICT_OBJC_MSGSEND = YES;
				ENABLE_USER_SCRIPT_SANDBOXING = YES;
				GCC_C_LANGUAGE_STANDARD = gnu17;
				GCC_NO_COMMON_BLOCKS = YES;
				GCC_WARN_64_TO_32_BIT_CONVERSION = YES;
				GCC_WARN_ABOUT_RETURN_TYPE = YES_ERROR;
				GCC_WARN_UNDECLARED_SELECTOR = YES;
				GCC_WARN_UNINITIALIZED_AUTOS = YES_AGGRESSIVE;
				GCC_WARN_UNUSED_FUNCTION = YES;
				GCC_WARN_UNUSED_VARIABLE = YES;
				LOCALIZATION_PREFERS_STRING_CATALOGS = YES;
				MTL_ENABLE_DEBUG_INFO = NO;
				MTL_FAST_MATH = YES;
				SWIFT_COMPILATION_MODE = wholemodule;
			};
			name = Release;
		};
		DBCF4ADA2D64ADFA00FD7E8F /* Debug */ = {
			isa = XCBuildConfiguration;
			buildSettings = {
				ASSETCATALOG_COMPILER_APPICON_NAME = AppIcon;
				ASSETCATALOG_COMPILER_GLOBAL_ACCENT_COLOR_NAME = AccentColor;
				CODE_SIGN_ENTITLEMENTS = NavigationViewTest/NavigationViewTest.entitlements;
				CODE_SIGN_STYLE = Automatic;
				CURRENT_PROJECT_VERSION = 1;
				DEVELOPMENT_ASSET_PATHS = "\"NavigationViewTest/Preview Content\"";
				DEVELOPMENT_TEAM = GXC72G385T;
				ENABLE_HARDENED_RUNTIME = YES;
				ENABLE_PREVIEWS = YES;
				GENERATE_INFOPLIST_FILE = YES;
				"INFOPLIST_KEY_UIApplicationSceneManifest_Generation[sdk=iphoneos*]" = YES;
				"INFOPLIST_KEY_UIApplicationSceneManifest_Generation[sdk=iphonesimulator*]" = YES;
				"INFOPLIST_KEY_UIApplicationSupportsIndirectInputEvents[sdk=iphoneos*]" = YES;
				"INFOPLIST_KEY_UIApplicationSupportsIndirectInputEvents[sdk=iphonesimulator*]" = YES;
				"INFOPLIST_KEY_UILaunchScreen_Generation[sdk=iphoneos*]" = YES;
				"INFOPLIST_KEY_UILaunchScreen_Generation[sdk=iphonesimulator*]" = YES;
				"INFOPLIST_KEY_UIStatusBarStyle[sdk=iphoneos*]" = UIStatusBarStyleDefault;
				"INFOPLIST_KEY_UIStatusBarStyle[sdk=iphonesimulator*]" = UIStatusBarStyleDefault;
				INFOPLIST_KEY_UISupportedInterfaceOrientations_iPad = "UIInterfaceOrientationPortrait UIInterfaceOrientationPortraitUpsideDown UIInterfaceOrientationLandscapeLeft UIInterfaceOrientationLandscapeRight";
				INFOPLIST_KEY_UISupportedInterfaceOrientations_iPhone = "UIInterfaceOrientationPortrait UIInterfaceOrientationLandscapeLeft UIInterfaceOrientationLandscapeRight";
				IPHONEOS_DEPLOYMENT_TARGET = 17.0;
				LD_RUNPATH_SEARCH_PATHS = "@executable_path/Frameworks";
				"LD_RUNPATH_SEARCH_PATHS[sdk=macosx*]" = "@executable_path/../Frameworks";
				MACOSX_DEPLOYMENT_TARGET = 14.5;
				MARKETING_VERSION = 1.0;
				PRODUCT_BUNDLE_IDENTIFIER = com.alsgur.NavigationViewTest;
				PRODUCT_NAME = "$(TARGET_NAME)";
				SDKROOT = auto;
				SUPPORTED_PLATFORMS = "iphoneos iphonesimulator macosx xros xrsimulator";
				SWIFT_EMIT_LOC_STRINGS = YES;
				SWIFT_VERSION = 5.0;
				TARGETED_DEVICE_FAMILY = "1,2,7";
				XROS_DEPLOYMENT_TARGET = 2.2;
			};
			name = Debug;
		};
		DBCF4ADB2D64ADFA00FD7E8F /* Release */ = {
			isa = XCBuildConfiguration;
			buildSettings = {
				ASSETCATALOG_COMPILER_APPICON_NAME = AppIcon;
				ASSETCATALOG_COMPILER_GLOBAL_ACCENT_COLOR_NAME = AccentColor;
				CODE_SIGN_ENTITLEMENTS = NavigationViewTest/NavigationViewTest.entitlements;
				CODE_SIGN_STYLE = Automatic;
				CURRENT_PROJECT_VERSION = 1;
				DEVELOPMENT_ASSET_PATHS = "\"NavigationViewTest/Preview Content\"";
				DEVELOPMENT_TEAM = GXC72G385T;
				ENABLE_HARDENED_RUNTIME = YES;
				ENABLE_PREVIEWS = YES;
				GENERATE_INFOPLIST_FILE = YES;
				"INFOPLIST_KEY_UIApplicationSceneManifest_Generation[sdk=iphoneos*]" = YES;
				"INFOPLIST_KEY_UIApplicationSceneManifest_Generation[sdk=iphonesimulator*]" = YES;
				"INFOPLIST_KEY_UIApplicationSupportsIndirectInputEvents[sdk=iphoneos*]" = YES;
				"INFOPLIST_KEY_UIApplicationSupportsIndirectInputEvents[sdk=iphonesimulator*]" = YES;
				"INFOPLIST_KEY_UILaunchScreen_Generation[sdk=iphoneos*]" = YES;
				"INFOPLIST_KEY_UILaunchScreen_Generation[sdk=iphonesimulator*]" = YES;
				"INFOPLIST_KEY_UIStatusBarStyle[sdk=iphoneos*]" = UIStatusBarStyleDefault;
				"INFOPLIST_KEY_UIStatusBarStyle[sdk=iphonesimulator*]" = UIStatusBarStyleDefault;
				INFOPLIST_KEY_UISupportedInterfaceOrientations_iPad = "UIInterfaceOrientationPortrait UIInterfaceOrientationPortraitUpsideDown UIInterfaceOrientationLandscapeLeft UIInterfaceOrientationLandscapeRight";
				INFOPLIST_KEY_UISupportedInterfaceOrientations_iPhone = "UIInterfaceOrientationPortrait UIInterfaceOrientationLandscapeLeft UIInterfaceOrientationLandscapeRight";
				IPHONEOS_DEPLOYMENT_TARGET = 17.0;
				LD_RUNPATH_SEARCH_PATHS = "@executable_path/Frameworks";
				"LD_RUNPATH_SEARCH_PATHS[sdk=macosx*]" = "@executable_path/../Frameworks";
				MACOSX_DEPLOYMENT_TARGET = 14.5;
				MARKETING_VERSION = 1.0;
				PRODUCT_BUNDLE_IDENTIFIER = com.alsgur.NavigationViewTest;
				PRODUCT_NAME = "$(TARGET_NAME)";
				SDKROOT = auto;
				SUPPORTED_PLATFORMS = "iphoneos iphonesimulator macosx xros xrsimulator";
				SWIFT_EMIT_LOC_STRINGS = YES;
				SWIFT_VERSION = 5.0;
				TARGETED_DEVICE_FAMILY = "1,2,7";
				XROS_DEPLOYMENT_TARGET = 2.2;
			};
			name = Release;
		};
		DBCF4ADD2D64ADFA00FD7E8F /* Debug */ = {
			isa = XCBuildConfiguration;
			buildSettings = {
				BUNDLE_LOADER = "$(TEST_HOST)";
				CODE_SIGN_STYLE = Automatic;
				CURRENT_PROJECT_VERSION = 1;
				DEVELOPMENT_TEAM = GXC72G385T;
				GENERATE_INFOPLIST_FILE = YES;
				IPHONEOS_DEPLOYMENT_TARGET = 18.2;
				MACOSX_DEPLOYMENT_TARGET = 14.5;
				MARKETING_VERSION = 1.0;
				PRODUCT_BUNDLE_IDENTIFIER = com.alsgur.NavigationViewTestTests;
				PRODUCT_NAME = "$(TARGET_NAME)";
				SDKROOT = auto;
				SUPPORTED_PLATFORMS = "iphoneos iphonesimulator macosx xros xrsimulator";
				SWIFT_EMIT_LOC_STRINGS = NO;
				SWIFT_VERSION = 5.0;
				TARGETED_DEVICE_FAMILY = "1,2,7";
				TEST_HOST = "$(BUILT_PRODUCTS_DIR)/NavigationViewTest.app/$(BUNDLE_EXECUTABLE_FOLDER_PATH)/NavigationViewTest";
				XROS_DEPLOYMENT_TARGET = 2.2;
			};
			name = Debug;
		};
		DBCF4ADE2D64ADFA00FD7E8F /* Release */ = {
			isa = XCBuildConfiguration;
			buildSettings = {
				BUNDLE_LOADER = "$(TEST_HOST)";
				CODE_SIGN_STYLE = Automatic;
				CURRENT_PROJECT_VERSION = 1;
				DEVELOPMENT_TEAM = GXC72G385T;
				GENERATE_INFOPLIST_FILE = YES;
				IPHONEOS_DEPLOYMENT_TARGET = 18.2;
				MACOSX_DEPLOYMENT_TARGET = 14.5;
				MARKETING_VERSION = 1.0;
				PRODUCT_BUNDLE_IDENTIFIER = com.alsgur.NavigationViewTestTests;
				PRODUCT_NAME = "$(TARGET_NAME)";
				SDKROOT = auto;
				SUPPORTED_PLATFORMS = "iphoneos iphonesimulator macosx xros xrsimulator";
				SWIFT_EMIT_LOC_STRINGS = NO;
				SWIFT_VERSION = 5.0;
				TARGETED_DEVICE_FAMILY = "1,2,7";
				TEST_HOST = "$(BUILT_PRODUCTS_DIR)/NavigationViewTest.app/$(BUNDLE_EXECUTABLE_FOLDER_PATH)/NavigationViewTest";
				XROS_DEPLOYMENT_TARGET = 2.2;
			};
			name = Release;
		};
		DBCF4AE02D64ADFA00FD7E8F /* Debug */ = {
			isa = XCBuildConfiguration;
			buildSettings = {
				CODE_SIGN_STYLE = Automatic;
				CURRENT_PROJECT_VERSION = 1;
				DEVELOPMENT_TEAM = GXC72G385T;
				GENERATE_INFOPLIST_FILE = YES;
				IPHONEOS_DEPLOYMENT_TARGET = 18.2;
				MACOSX_DEPLOYMENT_TARGET = 14.5;
				MARKETING_VERSION = 1.0;
				PRODUCT_BUNDLE_IDENTIFIER = com.alsgur.NavigationViewTestUITests;
				PRODUCT_NAME = "$(TARGET_NAME)";
				SDKROOT = auto;
				SUPPORTED_PLATFORMS = "iphoneos iphonesimulator macosx xros xrsimulator";
				SWIFT_EMIT_LOC_STRINGS = NO;
				SWIFT_VERSION = 5.0;
				TARGETED_DEVICE_FAMILY = "1,2,7";
				TEST_TARGET_NAME = NavigationViewTest;
				XROS_DEPLOYMENT_TARGET = 2.2;
			};
			name = Debug;
		};
		DBCF4AE12D64ADFA00FD7E8F /* Release */ = {
			isa = XCBuildConfiguration;
			buildSettings = {
				CODE_SIGN_STYLE = Automatic;
				CURRENT_PROJECT_VERSION = 1;
				DEVELOPMENT_TEAM = GXC72G385T;
				GENERATE_INFOPLIST_FILE = YES;
				IPHONEOS_DEPLOYMENT_TARGET = 18.2;
				MACOSX_DEPLOYMENT_TARGET = 14.5;
				MARKETING_VERSION = 1.0;
				PRODUCT_BUNDLE_IDENTIFIER = com.alsgur.NavigationViewTestUITests;
				PRODUCT_NAME = "$(TARGET_NAME)";
				SDKROOT = auto;
				SUPPORTED_PLATFORMS = "iphoneos iphonesimulator macosx xros xrsimulator";
				SWIFT_EMIT_LOC_STRINGS = NO;
				SWIFT_VERSION = 5.0;
				TARGETED_DEVICE_FAMILY = "1,2,7";
				TEST_TARGET_NAME = NavigationViewTest;
				XROS_DEPLOYMENT_TARGET = 2.2;
			};
			name = Release;
		};
/* End XCBuildConfiguration section */

/* Begin XCConfigurationList section */
		DBCF4AAF2D64ADF900FD7E8F /* Build configuration list for PBXProject "NavigationViewTest" */ = {
			isa = XCConfigurationList;
			buildConfigurations = (
				DBCF4AD72D64ADFA00FD7E8F /* Debug */,
				DBCF4AD82D64ADFA00FD7E8F /* Release */,
			);
			defaultConfigurationIsVisible = 0;
			defaultConfigurationName = Release;
		};
		DBCF4AD92D64ADFA00FD7E8F /* Build configuration list for PBXNativeTarget "NavigationViewTest" */ = {
			isa = XCConfigurationList;
			buildConfigurations = (
				DBCF4ADA2D64ADFA00FD7E8F /* Debug */,
				DBCF4ADB2D64ADFA00FD7E8F /* Release */,
			);
			defaultConfigurationIsVisible = 0;
			defaultConfigurationName = Release;
		};
		DBCF4ADC2D64ADFA00FD7E8F /* Build configuration list for PBXNativeTarget "NavigationViewTestTests" */ = {
			isa = XCConfigurationList;
			buildConfigurations = (
				DBCF4ADD2D64ADFA00FD7E8F /* Debug */,
				DBCF4ADE2D64ADFA00FD7E8F /* Release */,
			);
			defaultConfigurationIsVisible = 0;
			defaultConfigurationName = Release;
		};
		DBCF4ADF2D64ADFA00FD7E8F /* Build configuration list for PBXNativeTarget "NavigationViewTestUITests" */ = {
			isa = XCConfigurationList;
			buildConfigurations = (
				DBCF4AE02D64ADFA00FD7E8F /* Debug */,
				DBCF4AE12D64ADFA00FD7E8F /* Release */,
			);
			defaultConfigurationIsVisible = 0;
			defaultConfigurationName = Release;
		};
/* End XCConfigurationList section */
	};
	rootObject = DBCF4AAC2D64ADF900FD7E8F /* Project object */;
}
