// !$*UTF8*$!
{
	archiveVersion = 1;
	classes = {
	};
	objectVersion = 77;
	objects = {

/* Begin PBXBuildFile section */
		DB32ED312D494AF3008C113B /* opencv2.framework in Frameworks */ = {isa = PBXBuildFile; fileRef = DB32ECFA2D4947BF008C113B /* opencv2.framework */; };
/* End PBXBuildFile section */

/* Begin PBXContainerItemProxy section */
		DB32ECDD2D49477A008C113B /* PBXContainerItemProxy */ = {
			isa = PBXContainerItemProxy;
			containerPortal = DB32ECC42D494778008C113B /* Project object */;
			proxyType = 1;
			remoteGlobalIDString = DB32ECCB2D494778008C113B;
			remoteInfo = ScanChord;
		};
		DB32ECE72D49477A008C113B /* PBXContainerItemProxy */ = {
			isa = PBXContainerItemProxy;
			containerPortal = DB32ECC42D494778008C113B /* Project object */;
			proxyType = 1;
			remoteGlobalIDString = DB32ECCB2D494778008C113B;
			remoteInfo = ScanChord;
		};
/* End PBXContainerItemProxy section */

/* Begin PBXFileReference section */
		DB32ECCC2D494778008C113B /* ScanChord.app */ = {isa = PBXFileReference; explicitFileType = wrapper.application; includeInIndex = 0; path = ScanChord.app; sourceTree = BUILT_PRODUCTS_DIR; };
		DB32ECDC2D49477A008C113B /* ScanChordTests.xctest */ = {isa = PBXFileReference; explicitFileType = wrapper.cfbundle; includeInIndex = 0; path = ScanChordTests.xctest; sourceTree = BUILT_PRODUCTS_DIR; };
		DB32ECE62D49477A008C113B /* ScanChordUITests.xctest */ = {isa = PBXFileReference; explicitFileType = wrapper.cfbundle; includeInIndex = 0; path = ScanChordUITests.xctest; sourceTree = BUILT_PRODUCTS_DIR; };
		DB32ECFA2D4947BF008C113B /* opencv2.framework */ = {isa = PBXFileReference; lastKnownFileType = wrapper.framework; name = opencv2.framework; path = Frameworks/opencv2.framework; sourceTree = "<group>"; };
/* End PBXFileReference section */

/* Begin PBXFileSystemSynchronizedRootGroup section */
		DB32ECCE2D494778008C113B /* ScanChord */ = {
			isa = PBXFileSystemSynchronizedRootGroup;
			path = ScanChord;
			sourceTree = "<group>";
		};
		DB32ECDF2D49477A008C113B /* ScanChordTests */ = {
			isa = PBXFileSystemSynchronizedRootGroup;
			path = ScanChordTests;
			sourceTree = "<group>";
		};
		DB32ECE92D49477A008C113B /* ScanChordUITests */ = {
			isa = PBXFileSystemSynchronizedRootGroup;
			path = ScanChordUITests;
			sourceTree = "<group>";
		};
		DB32ECFE2D4947EA008C113B /* OpenCV */ = {
			isa = PBXFileSystemSynchronizedRootGroup;
			path = OpenCV;
			sourceTree = "<group>";
		};
/* End PBXFileSystemSynchronizedRootGroup section */

/* Begin PBXFrameworksBuildPhase section */
		DB32ECC92D494778008C113B /* Frameworks */ = {
			isa = PBXFrameworksBuildPhase;
			buildActionMask = 2147483647;
			files = (
				DB32ED312D494AF3008C113B /* opencv2.framework in Frameworks */,
			);
			runOnlyForDeploymentPostprocessing = 0;
		};
		DB32ECD92D49477A008C113B /* Frameworks */ = {
			isa = PBXFrameworksBuildPhase;
			buildActionMask = 2147483647;
			files = (
			);
			runOnlyForDeploymentPostprocessing = 0;
		};
		DB32ECE32D49477A008C113B /* Frameworks */ = {
			isa = PBXFrameworksBuildPhase;
			buildActionMask = 2147483647;
			files = (
			);
			runOnlyForDeploymentPostprocessing = 0;
		};
/* End PBXFrameworksBuildPhase section */

/* Begin PBXGroup section */
		DB32ECC32D494778008C113B = {
			isa = PBXGroup;
			children = (
				DB32ECFE2D4947EA008C113B /* OpenCV */,
				DB32ECCE2D494778008C113B /* ScanChord */,
				DB32ECDF2D49477A008C113B /* ScanChordTests */,
				DB32ECE92D49477A008C113B /* ScanChordUITests */,
				DB32ECF92D4947BF008C113B /* Frameworks */,
				DB32ECCD2D494778008C113B /* Products */,
			);
			sourceTree = "<group>";
		};
		DB32ECCD2D494778008C113B /* Products */ = {
			isa = PBXGroup;
			children = (
				DB32ECCC2D494778008C113B /* ScanChord.app */,
				DB32ECDC2D49477A008C113B /* ScanChordTests.xctest */,
				DB32ECE62D49477A008C113B /* ScanChordUITests.xctest */,
			);
			name = Products;
			sourceTree = "<group>";
		};
		DB32ECF92D4947BF008C113B /* Frameworks */ = {
			isa = PBXGroup;
			children = (
				DB32ECFA2D4947BF008C113B /* opencv2.framework */,
			);
			name = Frameworks;
			sourceTree = "<group>";
		};
/* End PBXGroup section */

/* Begin PBXNativeTarget section */
		DB32ECCB2D494778008C113B /* ScanChord */ = {
			isa = PBXNativeTarget;
			buildConfigurationList = DB32ECF02D49477A008C113B /* Build configuration list for PBXNativeTarget "ScanChord" */;
			buildPhases = (
				DB32ECC82D494778008C113B /* Sources */,
				DB32ECC92D494778008C113B /* Frameworks */,
				DB32ECCA2D494778008C113B /* Resources */,
			);
			buildRules = (
			);
			dependencies = (
			);
			fileSystemSynchronizedGroups = (
				DB32ECCE2D494778008C113B /* ScanChord */,
				DB32ECFE2D4947EA008C113B /* OpenCV */,
			);
			name = ScanChord;
			packageProductDependencies = (
			);
			productName = ScanChord;
			productReference = DB32ECCC2D494778008C113B /* ScanChord.app */;
			productType = "com.apple.product-type.application";
		};
		DB32ECDB2D49477A008C113B /* ScanChordTests */ = {
			isa = PBXNativeTarget;
			buildConfigurationList = DB32ECF32D49477A008C113B /* Build configuration list for PBXNativeTarget "ScanChordTests" */;
			buildPhases = (
				DB32ECD82D49477A008C113B /* Sources */,
				DB32ECD92D49477A008C113B /* Frameworks */,
				DB32ECDA2D49477A008C113B /* Resources */,
			);
			buildRules = (
			);
			dependencies = (
				DB32ECDE2D49477A008C113B /* PBXTargetDependency */,
			);
			fileSystemSynchronizedGroups = (
				DB32ECDF2D49477A008C113B /* ScanChordTests */,
			);
			name = ScanChordTests;
			packageProductDependencies = (
			);
			productName = ScanChordTests;
			productReference = DB32ECDC2D49477A008C113B /* ScanChordTests.xctest */;
			productType = "com.apple.product-type.bundle.unit-test";
		};
		DB32ECE52D49477A008C113B /* ScanChordUITests */ = {
			isa = PBXNativeTarget;
			buildConfigurationList = DB32ECF62D49477A008C113B /* Build configuration list for PBXNativeTarget "ScanChordUITests" */;
			buildPhases = (
				DB32ECE22D49477A008C113B /* Sources */,
				DB32ECE32D49477A008C113B /* Frameworks */,
				DB32ECE42D49477A008C113B /* Resources */,
			);
			buildRules = (
			);
			dependencies = (
				DB32ECE82D49477A008C113B /* PBXTargetDependency */,
			);
			fileSystemSynchronizedGroups = (
				DB32ECE92D49477A008C113B /* ScanChordUITests */,
			);
			name = ScanChordUITests;
			packageProductDependencies = (
			);
			productName = ScanChordUITests;
			productReference = DB32ECE62D49477A008C113B /* ScanChordUITests.xctest */;
			productType = "com.apple.product-type.bundle.ui-testing";
		};
/* End PBXNativeTarget section */

/* Begin PBXProject section */
		DB32ECC42D494778008C113B /* Project object */ = {
			isa = PBXProject;
			attributes = {
				BuildIndependentTargetsInParallel = 1;
				LastSwiftUpdateCheck = 1610;
				LastUpgradeCheck = 1610;
				TargetAttributes = {
					DB32ECCB2D494778008C113B = {
						CreatedOnToolsVersion = 16.1;
						LastSwiftMigration = 1610;
					};
					DB32ECDB2D49477A008C113B = {
						CreatedOnToolsVersion = 16.1;
						TestTargetID = DB32ECCB2D494778008C113B;
					};
					DB32ECE52D49477A008C113B = {
						CreatedOnToolsVersion = 16.1;
						TestTargetID = DB32ECCB2D494778008C113B;
					};
				};
			};
			buildConfigurationList = DB32ECC72D494778008C113B /* Build configuration list for PBXProject "ScanChord" */;
			developmentRegion = en;
			hasScannedForEncodings = 0;
			knownRegions = (
				en,
				Base,
			);
			mainGroup = DB32ECC32D494778008C113B;
			minimizedProjectReferenceProxies = 1;
			preferredProjectObjectVersion = 77;
			productRefGroup = DB32ECCD2D494778008C113B /* Products */;
			projectDirPath = "";
			projectRoot = "";
			targets = (
				DB32ECCB2D494778008C113B /* ScanChord */,
				DB32ECDB2D49477A008C113B /* ScanChordTests */,
				DB32ECE52D49477A008C113B /* ScanChordUITests */,
			);
		};
/* End PBXProject section */

/* Begin PBXResourcesBuildPhase section */
		DB32ECCA2D494778008C113B /* Resources */ = {
			isa = PBXResourcesBuildPhase;
			buildActionMask = 2147483647;
			files = (
			);
			runOnlyForDeploymentPostprocessing = 0;
		};
		DB32ECDA2D49477A008C113B /* Resources */ = {
			isa = PBXResourcesBuildPhase;
			buildActionMask = 2147483647;
			files = (
			);
			runOnlyForDeploymentPostprocessing = 0;
		};
		DB32ECE42D49477A008C113B /* Resources */ = {
			isa = PBXResourcesBuildPhase;
			buildActionMask = 2147483647;
			files = (
			);
			runOnlyForDeploymentPostprocessing = 0;
		};
/* End PBXResourcesBuildPhase section */

/* Begin PBXSourcesBuildPhase section */
		DB32ECC82D494778008C113B /* Sources */ = {
			isa = PBXSourcesBuildPhase;
			buildActionMask = 2147483647;
			files = (
			);
			runOnlyForDeploymentPostprocessing = 0;
		};
		DB32ECD82D49477A008C113B /* Sources */ = {
			isa = PBXSourcesBuildPhase;
			buildActionMask = 2147483647;
			files = (
			);
			runOnlyForDeploymentPostprocessing = 0;
		};
		DB32ECE22D49477A008C113B /* Sources */ = {
			isa = PBXSourcesBuildPhase;
			buildActionMask = 2147483647;
			files = (
			);
			runOnlyForDeploymentPostprocessing = 0;
		};
/* End PBXSourcesBuildPhase section */

/* Begin PBXTargetDependency section */
		DB32ECDE2D49477A008C113B /* PBXTargetDependency */ = {
			isa = PBXTargetDependency;
			target = DB32ECCB2D494778008C113B /* ScanChord */;
			targetProxy = DB32ECDD2D49477A008C113B /* PBXContainerItemProxy */;
		};
		DB32ECE82D49477A008C113B /* PBXTargetDependency */ = {
			isa = PBXTargetDependency;
			target = DB32ECCB2D494778008C113B /* ScanChord */;
			targetProxy = DB32ECE72D49477A008C113B /* PBXContainerItemProxy */;
		};
/* End PBXTargetDependency section */

/* Begin XCBuildConfiguration section */
		DB32ECEE2D49477A008C113B /* Debug */ = {
			isa = XCBuildConfiguration;
			buildSettings = {
				ALWAYS_SEARCH_USER_PATHS = NO;
				ASSETCATALOG_COMPILER_GENERATE_SWIFT_ASSET_SYMBOL_EXTENSIONS = YES;
				CLANG_ANALYZER_NONNULL = YES;
				CLANG_ANALYZER_NUMBER_OBJECT_CONVERSION = YES_AGGRESSIVE;
				CLANG_CXX_LANGUAGE_STANDARD = "gnu++20";
				CLANG_ENABLE_MODULES = YES;
				CLANG_ENABLE_OBJC_ARC = YES;
				CLANG_ENABLE_OBJC_WEAK = YES;
				CLANG_WARN_BLOCK_CAPTURE_AUTORELEASING = YES;
				CLANG_WARN_BOOL_CONVERSION = YES;
				CLANG_WARN_COMMA = YES;
				CLANG_WARN_CONSTANT_CONVERSION = YES;
				CLANG_WARN_DEPRECATED_OBJC_IMPLEMENTATIONS = YES;
				CLANG_WARN_DIRECT_OBJC_ISA_USAGE = YES_ERROR;
				CLANG_WARN_DOCUMENTATION_COMMENTS = YES;
				CLANG_WARN_EMPTY_BODY = YES;
				CLANG_WARN_ENUM_CONVERSION = YES;
				CLANG_WARN_INFINITE_RECURSION = YES;
				CLANG_WARN_INT_CONVERSION = YES;
				CLANG_WARN_NON_LITERAL_NULL_CONVERSION = YES;
				CLANG_WARN_OBJC_IMPLICIT_RETAIN_SELF = YES;
				CLANG_WARN_OBJC_LITERAL_CONVERSION = YES;
				CLANG_WARN_OBJC_ROOT_CLASS = YES_ERROR;
				CLANG_WARN_QUOTED_INCLUDE_IN_FRAMEWORK_HEADER = YES;
				CLANG_WARN_RANGE_LOOP_ANALYSIS = YES;
				CLANG_WARN_STRICT_PROTOTYPES = YES;
				CLANG_WARN_SUSPICIOUS_MOVE = YES;
				CLANG_WARN_UNGUARDED_AVAILABILITY = YES_AGGRESSIVE;
				CLANG_WARN_UNREACHABLE_CODE = YES;
				CLANG_WARN__DUPLICATE_METHOD_MATCH = YES;
				COPY_PHASE_STRIP = NO;
				DEBUG_INFORMATION_FORMAT = dwarf;
				ENABLE_STRICT_OBJC_MSGSEND = YES;
				ENABLE_TESTABILITY = YES;
				ENABLE_USER_SCRIPT_SANDBOXING = YES;
				GCC_C_LANGUAGE_STANDARD = gnu17;
				GCC_DYNAMIC_NO_PIC = NO;
				GCC_NO_COMMON_BLOCKS = YES;
				GCC_OPTIMIZATION_LEVEL = 0;
				GCC_PREPROCESSOR_DEFINITIONS = (
					"DEBUG=1",
					"$(inherited)",
				);
				GCC_WARN_64_TO_32_BIT_CONVERSION = YES;
				GCC_WARN_ABOUT_RETURN_TYPE = YES_ERROR;
				GCC_WARN_UNDECLARED_SELECTOR = YES;
				GCC_WARN_UNINITIALIZED_AUTOS = YES_AGGRESSIVE;
				GCC_WARN_UNUSED_FUNCTION = YES;
				GCC_WARN_UNUSED_VARIABLE = YES;
				IPHONEOS_DEPLOYMENT_TARGET = 16.6;
				LOCALIZATION_PREFERS_STRING_CATALOGS = YES;
				MTL_ENABLE_DEBUG_INFO = INCLUDE_SOURCE;
				MTL_FAST_MATH = YES;
				ONLY_ACTIVE_ARCH = YES;
				SDKROOT = iphoneos;
				SWIFT_ACTIVE_COMPILATION_CONDITIONS = "DEBUG $(inherited)";
				SWIFT_OPTIMIZATION_LEVEL = "-Onone";
			};
			name = Debug;
		};
		DB32ECEF2D49477A008C113B /* Release */ = {
			isa = XCBuildConfiguration;
			buildSettings = {
				ALWAYS_SEARCH_USER_PATHS = NO;
				ASSETCATALOG_COMPILER_GENERATE_SWIFT_ASSET_SYMBOL_EXTENSIONS = YES;
				CLANG_ANALYZER_NONNULL = YES;
				CLANG_ANALYZER_NUMBER_OBJECT_CONVERSION = YES_AGGRESSIVE;
				CLANG_CXX_LANGUAGE_STANDARD = "gnu++20";
				CLANG_ENABLE_MODULES = YES;
				CLANG_ENABLE_OBJC_ARC = YES;
				CLANG_ENABLE_OBJC_WEAK = YES;
				CLANG_WARN_BLOCK_CAPTURE_AUTORELEASING = YES;
				CLANG_WARN_BOOL_CONVERSION = YES;
				CLANG_WARN_COMMA = YES;
				CLANG_WARN_CONSTANT_CONVERSION = YES;
				CLANG_WARN_DEPRECATED_OBJC_IMPLEMENTATIONS = YES;
				CLANG_WARN_DIRECT_OBJC_ISA_USAGE = YES_ERROR;
				CLANG_WARN_DOCUMENTATION_COMMENTS = YES;
				CLANG_WARN_EMPTY_BODY = YES;
				CLANG_WARN_ENUM_CONVERSION = YES;
				CLANG_WARN_INFINITE_RECURSION = YES;
				CLANG_WARN_INT_CONVERSION = YES;
				CLANG_WARN_NON_LITERAL_NULL_CONVERSION = YES;
				CLANG_WARN_OBJC_IMPLICIT_RETAIN_SELF = YES;
				CLANG_WARN_OBJC_LITERAL_CONVERSION = YES;
				CLANG_WARN_OBJC_ROOT_CLASS = YES_ERROR;
				CLANG_WARN_QUOTED_INCLUDE_IN_FRAMEWORK_HEADER = YES;
				CLANG_WARN_RANGE_LOOP_ANALYSIS = YES;
				CLANG_WARN_STRICT_PROTOTYPES = YES;
				CLANG_WARN_SUSPICIOUS_MOVE = YES;
				CLANG_WARN_UNGUARDED_AVAILABILITY = YES_AGGRESSIVE;
				CLANG_WARN_UNREACHABLE_CODE = YES;
				CLANG_WARN__DUPLICATE_METHOD_MATCH = YES;
				COPY_PHASE_STRIP = NO;
				DEBUG_INFORMATION_FORMAT = "dwarf-with-dsym";
				ENABLE_NS_ASSERTIONS = NO;
				ENABLE_STRICT_OBJC_MSGSEND = YES;
				ENABLE_USER_SCRIPT_SANDBOXING = YES;
				GCC_C_LANGUAGE_STANDARD = gnu17;
				GCC_NO_COMMON_BLOCKS = YES;
				GCC_WARN_64_TO_32_BIT_CONVERSION = YES;
				GCC_WARN_ABOUT_RETURN_TYPE = YES_ERROR;
				GCC_WARN_UNDECLARED_SELECTOR = YES;
				GCC_WARN_UNINITIALIZED_AUTOS = YES_AGGRESSIVE;
				GCC_WARN_UNUSED_FUNCTION = YES;
				GCC_WARN_UNUSED_VARIABLE = YES;
				IPHONEOS_DEPLOYMENT_TARGET = 16.6;
				LOCALIZATION_PREFERS_STRING_CATALOGS = YES;
				MTL_ENABLE_DEBUG_INFO = NO;
				MTL_FAST_MATH = YES;
				SDKROOT = iphoneos;
				SWIFT_COMPILATION_MODE = wholemodule;
				VALIDATE_PRODUCT = YES;
			};
			name = Release;
		};
		DB32ECF12D49477A008C113B /* Debug */ = {
			isa = XCBuildConfiguration;
			buildSettings = {
				ASSETCATALOG_COMPILER_APPICON_NAME = AppIcon;
				ASSETCATALOG_COMPILER_GLOBAL_ACCENT_COLOR_NAME = AccentColor;
				CLANG_ENABLE_MODULES = YES;
				CODE_SIGN_STYLE = Automatic;
				CURRENT_PROJECT_VERSION = 1;
				DEVELOPMENT_ASSET_PATHS = "\"ScanChord/Preview Content\"";
				DEVELOPMENT_TEAM = GXC72G385T;
				ENABLE_PREVIEWS = YES;
				FRAMEWORK_SEARCH_PATHS = (
					"$(inherited)",
					"$(PROJECT_DIR)/Frameworks",
				);
				GENERATE_INFOPLIST_FILE = YES;
				INFOPLIST_KEY_UIApplicationSceneManifest_Generation = YES;
				INFOPLIST_KEY_UIApplicationSupportsIndirectInputEvents = YES;
				INFOPLIST_KEY_UILaunchScreen_Generation = YES;
				INFOPLIST_KEY_UISupportedInterfaceOrientations_iPad = "UIInterfaceOrientationPortrait UIInterfaceOrientationPortraitUpsideDown UIInterfaceOrientationLandscapeLeft UIInterfaceOrientationLandscapeRight";
				INFOPLIST_KEY_UISupportedInterfaceOrientations_iPhone = "UIInterfaceOrientationPortrait UIInterfaceOrientationLandscapeLeft UIInterfaceOrientationLandscapeRight";
				LD_RUNPATH_SEARCH_PATHS = (
					"$(inherited)",
					"@executable_path/Frameworks",
				);
				MARKETING_VERSION = 1.0;
				PRODUCT_BUNDLE_IDENTIFIER = com.kmh.study.ScanChord;
				PRODUCT_NAME = "$(TARGET_NAME)";
				SWIFT_EMIT_LOC_STRINGS = YES;
				SWIFT_OBJC_BRIDGING_HEADER = "OpenCV/ScanChord-Bridging-Header.h";
				SWIFT_OPTIMIZATION_LEVEL = "-Onone";
				SWIFT_VERSION = 5.0;
				TARGETED_DEVICE_FAMILY = "1,2";
			};
			name = Debug;
		};
		DB32ECF22D49477A008C113B /* Release */ = {
			isa = XCBuildConfiguration;
			buildSettings = {
				ASSETCATALOG_COMPILER_APPICON_NAME = AppIcon;
				ASSETCATALOG_COMPILER_GLOBAL_ACCENT_COLOR_NAME = AccentColor;
				CLANG_ENABLE_MODULES = YES;
				CODE_SIGN_STYLE = Automatic;
				CURRENT_PROJECT_VERSION = 1;
				DEVELOPMENT_ASSET_PATHS = "\"ScanChord/Preview Content\"";
				DEVELOPMENT_TEAM = GXC72G385T;
				ENABLE_PREVIEWS = YES;
				FRAMEWORK_SEARCH_PATHS = (
					"$(inherited)",
					"$(PROJECT_DIR)/Frameworks",
				);
				GENERATE_INFOPLIST_FILE = YES;
				INFOPLIST_KEY_UIApplicationSceneManifest_Generation = YES;
				INFOPLIST_KEY_UIApplicationSupportsIndirectInputEvents = YES;
				INFOPLIST_KEY_UILaunchScreen_Generation = YES;
				INFOPLIST_KEY_UISupportedInterfaceOrientations_iPad = "UIInterfaceOrientationPortrait UIInterfaceOrientationPortraitUpsideDown UIInterfaceOrientationLandscapeLeft UIInterfaceOrientationLandscapeRight";
				INFOPLIST_KEY_UISupportedInterfaceOrientations_iPhone = "UIInterfaceOrientationPortrait UIInterfaceOrientationLandscapeLeft UIInterfaceOrientationLandscapeRight";
				LD_RUNPATH_SEARCH_PATHS = (
					"$(inherited)",
					"@executable_path/Frameworks",
				);
				MARKETING_VERSION = 1.0;
				PRODUCT_BUNDLE_IDENTIFIER = com.kmh.study.ScanChord;
				PRODUCT_NAME = "$(TARGET_NAME)";
				SWIFT_EMIT_LOC_STRINGS = YES;
				SWIFT_OBJC_BRIDGING_HEADER = "OpenCV/ScanChord-Bridging-Header.h";
				SWIFT_VERSION = 5.0;
				TARGETED_DEVICE_FAMILY = "1,2";
			};
			name = Release;
		};
		DB32ECF42D49477A008C113B /* Debug */ = {
			isa = XCBuildConfiguration;
			buildSettings = {
				BUNDLE_LOADER = "$(TEST_HOST)";
				CODE_SIGN_STYLE = Automatic;
				CURRENT_PROJECT_VERSION = 1;
				DEVELOPMENT_TEAM = GXC72G385T;
				GENERATE_INFOPLIST_FILE = YES;
				IPHONEOS_DEPLOYMENT_TARGET = 18.1;
				MARKETING_VERSION = 1.0;
				PRODUCT_BUNDLE_IDENTIFIER = com.kmh.study.ScanChordTests;
				PRODUCT_NAME = "$(TARGET_NAME)";
				SWIFT_EMIT_LOC_STRINGS = NO;
				SWIFT_VERSION = 5.0;
				TARGETED_DEVICE_FAMILY = "1,2";
				TEST_HOST = "$(BUILT_PRODUCTS_DIR)/ScanChord.app/$(BUNDLE_EXECUTABLE_FOLDER_PATH)/ScanChord";
			};
			name = Debug;
		};
		DB32ECF52D49477A008C113B /* Release */ = {
			isa = XCBuildConfiguration;
			buildSettings = {
				BUNDLE_LOADER = "$(TEST_HOST)";
				CODE_SIGN_STYLE = Automatic;
				CURRENT_PROJECT_VERSION = 1;
				DEVELOPMENT_TEAM = GXC72G385T;
				GENERATE_INFOPLIST_FILE = YES;
				IPHONEOS_DEPLOYMENT_TARGET = 18.1;
				MARKETING_VERSION = 1.0;
				PRODUCT_BUNDLE_IDENTIFIER = com.kmh.study.ScanChordTests;
				PRODUCT_NAME = "$(TARGET_NAME)";
				SWIFT_EMIT_LOC_STRINGS = NO;
				SWIFT_VERSION = 5.0;
				TARGETED_DEVICE_FAMILY = "1,2";
				TEST_HOST = "$(BUILT_PRODUCTS_DIR)/ScanChord.app/$(BUNDLE_EXECUTABLE_FOLDER_PATH)/ScanChord";
			};
			name = Release;
		};
		DB32ECF72D49477A008C113B /* Debug */ = {
			isa = XCBuildConfiguration;
			buildSettings = {
				CODE_SIGN_STYLE = Automatic;
				CURRENT_PROJECT_VERSION = 1;
				DEVELOPMENT_TEAM = GXC72G385T;
				GENERATE_INFOPLIST_FILE = YES;
				MARKETING_VERSION = 1.0;
				PRODUCT_BUNDLE_IDENTIFIER = com.kmh.study.ScanChordUITests;
				PRODUCT_NAME = "$(TARGET_NAME)";
				SWIFT_EMIT_LOC_STRINGS = NO;
				SWIFT_VERSION = 5.0;
				TARGETED_DEVICE_FAMILY = "1,2";
				TEST_TARGET_NAME = ScanChord;
			};
			name = Debug;
		};
		DB32ECF82D49477A008C113B /* Release */ = {
			isa = XCBuildConfiguration;
			buildSettings = {
				CODE_SIGN_STYLE = Automatic;
				CURRENT_PROJECT_VERSION = 1;
				DEVELOPMENT_TEAM = GXC72G385T;
				GENERATE_INFOPLIST_FILE = YES;
				MARKETING_VERSION = 1.0;
				PRODUCT_BUNDLE_IDENTIFIER = com.kmh.study.ScanChordUITests;
				PRODUCT_NAME = "$(TARGET_NAME)";
				SWIFT_EMIT_LOC_STRINGS = NO;
				SWIFT_VERSION = 5.0;
				TARGETED_DEVICE_FAMILY = "1,2";
				TEST_TARGET_NAME = ScanChord;
			};
			name = Release;
		};
/* End XCBuildConfiguration section */

/* Begin XCConfigurationList section */
		DB32ECC72D494778008C113B /* Build configuration list for PBXProject "ScanChord" */ = {
			isa = XCConfigurationList;
			buildConfigurations = (
				DB32ECEE2D49477A008C113B /* Debug */,
				DB32ECEF2D49477A008C113B /* Release */,
			);
			defaultConfigurationIsVisible = 0;
			defaultConfigurationName = Release;
		};
		DB32ECF02D49477A008C113B /* Build configuration list for PBXNativeTarget "ScanChord" */ = {
			isa = XCConfigurationList;
			buildConfigurations = (
				DB32ECF12D49477A008C113B /* Debug */,
				DB32ECF22D49477A008C113B /* Release */,
			);
			defaultConfigurationIsVisible = 0;
			defaultConfigurationName = Release;
		};
		DB32ECF32D49477A008C113B /* Build configuration list for PBXNativeTarget "ScanChordTests" */ = {
			isa = XCConfigurationList;
			buildConfigurations = (
				DB32ECF42D49477A008C113B /* Debug */,
				DB32ECF52D49477A008C113B /* Release */,
			);
			defaultConfigurationIsVisible = 0;
			defaultConfigurationName = Release;
		};
		DB32ECF62D49477A008C113B /* Build configuration list for PBXNativeTarget "ScanChordUITests" */ = {
			isa = XCConfigurationList;
			buildConfigurations = (
				DB32ECF72D49477A008C113B /* Debug */,
				DB32ECF82D49477A008C113B /* Release */,
			);
			defaultConfigurationIsVisible = 0;
			defaultConfigurationName = Release;
		};
/* End XCConfigurationList section */
	};
	rootObject = DB32ECC42D494778008C113B /* Project object */;
}
