// !$*UTF8*$!
{
	archiveVersion = 1;
	classes = {
	};
	objectVersion = 77;
	objects = {

/* Begin PBXContainerItemProxy section */
		DBBAA43E2D4DF46200F70230 /* PBXContainerItemProxy */ = {
			isa = PBXContainerItemProxy;
			containerPortal = DBBAA4252D4DF46000F70230 /* Project object */;
			proxyType = 1;
			remoteGlobalIDString = DBBAA42C2D4DF46000F70230;
			remoteInfo = CI_CD_TestApp;
		};
		DBBAA4482D4DF46200F70230 /* PBXContainerItemProxy */ = {
			isa = PBXContainerItemProxy;
			containerPortal = DBBAA4252D4DF46000F70230 /* Project object */;
			proxyType = 1;
			remoteGlobalIDString = DBBAA42C2D4DF46000F70230;
			remoteInfo = CI_CD_TestApp;
		};
/* End PBXContainerItemProxy section */

/* Begin PBXFileReference section */
		DBBAA42D2D4DF46000F70230 /* CI_CD_TestApp.app */ = {isa = PBXFileReference; explicitFileType = wrapper.application; includeInIndex = 0; path = CI_CD_TestApp.app; sourceTree = BUILT_PRODUCTS_DIR; };
		DBBAA43D2D4DF46200F70230 /* CI_CD_TestAppTests.xctest */ = {isa = PBXFileReference; explicitFileType = wrapper.cfbundle; includeInIndex = 0; path = CI_CD_TestAppTests.xctest; sourceTree = BUILT_PRODUCTS_DIR; };
		DBBAA4472D4DF46200F70230 /* CI_CD_TestAppUITests.xctest */ = {isa = PBXFileReference; explicitFileType = wrapper.cfbundle; includeInIndex = 0; path = CI_CD_TestAppUITests.xctest; sourceTree = BUILT_PRODUCTS_DIR; };
/* End PBXFileReference section */

/* Begin PBXFileSystemSynchronizedRootGroup section */
		DBBAA42F2D4DF46000F70230 /* CI_CD_TestApp */ = {
			isa = PBXFileSystemSynchronizedRootGroup;
			path = CI_CD_TestApp;
			sourceTree = "<group>";
		};
		DBBAA4402D4DF46200F70230 /* CI_CD_TestAppTests */ = {
			isa = PBXFileSystemSynchronizedRootGroup;
			path = CI_CD_TestAppTests;
			sourceTree = "<group>";
		};
		DBBAA44A2D4DF46200F70230 /* CI_CD_TestAppUITests */ = {
			isa = PBXFileSystemSynchronizedRootGroup;
			path = CI_CD_TestAppUITests;
			sourceTree = "<group>";
		};
/* End PBXFileSystemSynchronizedRootGroup section */

/* Begin PBXFrameworksBuildPhase section */
		DBBAA42A2D4DF46000F70230 /* Frameworks */ = {
			isa = PBXFrameworksBuildPhase;
			buildActionMask = 2147483647;
			files = (
			);
			runOnlyForDeploymentPostprocessing = 0;
		};
		DBBAA43A2D4DF46200F70230 /* Frameworks */ = {
			isa = PBXFrameworksBuildPhase;
			buildActionMask = 2147483647;
			files = (
			);
			runOnlyForDeploymentPostprocessing = 0;
		};
		DBBAA4442D4DF46200F70230 /* Frameworks */ = {
			isa = PBXFrameworksBuildPhase;
			buildActionMask = 2147483647;
			files = (
			);
			runOnlyForDeploymentPostprocessing = 0;
		};
/* End PBXFrameworksBuildPhase section */

/* Begin PBXGroup section */
		DBBAA4242D4DF46000F70230 = {
			isa = PBXGroup;
			children = (
				DBBAA42F2D4DF46000F70230 /* CI_CD_TestApp */,
				DBBAA4402D4DF46200F70230 /* CI_CD_TestAppTests */,
				DBBAA44A2D4DF46200F70230 /* CI_CD_TestAppUITests */,
				DBBAA42E2D4DF46000F70230 /* Products */,
			);
			sourceTree = "<group>";
		};
		DBBAA42E2D4DF46000F70230 /* Products */ = {
			isa = PBXGroup;
			children = (
				DBBAA42D2D4DF46000F70230 /* CI_CD_TestApp.app */,
				DBBAA43D2D4DF46200F70230 /* CI_CD_TestAppTests.xctest */,
				DBBAA4472D4DF46200F70230 /* CI_CD_TestAppUITests.xctest */,
			);
			name = Products;
			sourceTree = "<group>";
		};
/* End PBXGroup section */

/* Begin PBXNativeTarget section */
		DBBAA42C2D4DF46000F70230 /* CI_CD_TestApp */ = {
			isa = PBXNativeTarget;
			buildConfigurationList = DBBAA4512D4DF46200F70230 /* Build configuration list for PBXNativeTarget "CI_CD_TestApp" */;
			buildPhases = (
				DBBAA4292D4DF46000F70230 /* Sources */,
				DBBAA42A2D4DF46000F70230 /* Frameworks */,
				DBBAA42B2D4DF46000F70230 /* Resources */,
			);
			buildRules = (
			);
			dependencies = (
			);
			fileSystemSynchronizedGroups = (
				DBBAA42F2D4DF46000F70230 /* CI_CD_TestApp */,
			);
			name = CI_CD_TestApp;
			packageProductDependencies = (
			);
			productName = CI_CD_TestApp;
			productReference = DBBAA42D2D4DF46000F70230 /* CI_CD_TestApp.app */;
			productType = "com.apple.product-type.application";
		};
		DBBAA43C2D4DF46200F70230 /* CI_CD_TestAppTests */ = {
			isa = PBXNativeTarget;
			buildConfigurationList = DBBAA4542D4DF46200F70230 /* Build configuration list for PBXNativeTarget "CI_CD_TestAppTests" */;
			buildPhases = (
				DBBAA4392D4DF46200F70230 /* Sources */,
				DBBAA43A2D4DF46200F70230 /* Frameworks */,
				DBBAA43B2D4DF46200F70230 /* Resources */,
			);
			buildRules = (
			);
			dependencies = (
				DBBAA43F2D4DF46200F70230 /* PBXTargetDependency */,
			);
			fileSystemSynchronizedGroups = (
				DBBAA4402D4DF46200F70230 /* CI_CD_TestAppTests */,
			);
			name = CI_CD_TestAppTests;
			packageProductDependencies = (
			);
			productName = CI_CD_TestAppTests;
			productReference = DBBAA43D2D4DF46200F70230 /* CI_CD_TestAppTests.xctest */;
			productType = "com.apple.product-type.bundle.unit-test";
		};
		DBBAA4462D4DF46200F70230 /* CI_CD_TestAppUITests */ = {
			isa = PBXNativeTarget;
			buildConfigurationList = DBBAA4572D4DF46200F70230 /* Build configuration list for PBXNativeTarget "CI_CD_TestAppUITests" */;
			buildPhases = (
				DBBAA4432D4DF46200F70230 /* Sources */,
				DBBAA4442D4DF46200F70230 /* Frameworks */,
				DBBAA4452D4DF46200F70230 /* Resources */,
			);
			buildRules = (
			);
			dependencies = (
				DBBAA4492D4DF46200F70230 /* PBXTargetDependency */,
			);
			fileSystemSynchronizedGroups = (
				DBBAA44A2D4DF46200F70230 /* CI_CD_TestAppUITests */,
			);
			name = CI_CD_TestAppUITests;
			packageProductDependencies = (
			);
			productName = CI_CD_TestAppUITests;
			productReference = DBBAA4472D4DF46200F70230 /* CI_CD_TestAppUITests.xctest */;
			productType = "com.apple.product-type.bundle.ui-testing";
		};
/* End PBXNativeTarget section */

/* Begin PBXProject section */
		DBBAA4252D4DF46000F70230 /* Project object */ = {
			isa = PBXProject;
			attributes = {
				BuildIndependentTargetsInParallel = 1;
				LastSwiftUpdateCheck = 1620;
				LastUpgradeCheck = 1620;
				TargetAttributes = {
					DBBAA42C2D4DF46000F70230 = {
						CreatedOnToolsVersion = 16.2;
					};
					DBBAA43C2D4DF46200F70230 = {
						CreatedOnToolsVersion = 16.2;
						TestTargetID = DBBAA42C2D4DF46000F70230;
					};
					DBBAA4462D4DF46200F70230 = {
						CreatedOnToolsVersion = 16.2;
						TestTargetID = DBBAA42C2D4DF46000F70230;
					};
				};
			};
			buildConfigurationList = DBBAA4282D4DF46000F70230 /* Build configuration list for PBXProject "CI_CD_TestApp" */;
			developmentRegion = en;
			hasScannedForEncodings = 0;
			knownRegions = (
				en,
				Base,
			);
			mainGroup = DBBAA4242D4DF46000F70230;
			minimizedProjectReferenceProxies = 1;
			preferredProjectObjectVersion = 77;
			productRefGroup = DBBAA42E2D4DF46000F70230 /* Products */;
			projectDirPath = "";
			projectRoot = "";
			targets = (
				DBBAA42C2D4DF46000F70230 /* CI_CD_TestApp */,
				DBBAA43C2D4DF46200F70230 /* CI_CD_TestAppTests */,
				DBBAA4462D4DF46200F70230 /* CI_CD_TestAppUITests */,
			);
		};
/* End PBXProject section */

/* Begin PBXResourcesBuildPhase section */
		DBBAA42B2D4DF46000F70230 /* Resources */ = {
			isa = PBXResourcesBuildPhase;
			buildActionMask = 2147483647;
			files = (
			);
			runOnlyForDeploymentPostprocessing = 0;
		};
		DBBAA43B2D4DF46200F70230 /* Resources */ = {
			isa = PBXResourcesBuildPhase;
			buildActionMask = 2147483647;
			files = (
			);
			runOnlyForDeploymentPostprocessing = 0;
		};
		DBBAA4452D4DF46200F70230 /* Resources */ = {
			isa = PBXResourcesBuildPhase;
			buildActionMask = 2147483647;
			files = (
			);
			runOnlyForDeploymentPostprocessing = 0;
		};
/* End PBXResourcesBuildPhase section */

/* Begin PBXSourcesBuildPhase section */
		DBBAA4292D4DF46000F70230 /* Sources */ = {
			isa = PBXSourcesBuildPhase;
			buildActionMask = 2147483647;
			files = (
			);
			runOnlyForDeploymentPostprocessing = 0;
		};
		DBBAA4392D4DF46200F70230 /* Sources */ = {
			isa = PBXSourcesBuildPhase;
			buildActionMask = 2147483647;
			files = (
			);
			runOnlyForDeploymentPostprocessing = 0;
		};
		DBBAA4432D4DF46200F70230 /* Sources */ = {
			isa = PBXSourcesBuildPhase;
			buildActionMask = 2147483647;
			files = (
			);
			runOnlyForDeploymentPostprocessing = 0;
		};
/* End PBXSourcesBuildPhase section */

/* Begin PBXTargetDependency section */
		DBBAA43F2D4DF46200F70230 /* PBXTargetDependency */ = {
			isa = PBXTargetDependency;
			target = DBBAA42C2D4DF46000F70230 /* CI_CD_TestApp */;
			targetProxy = DBBAA43E2D4DF46200F70230 /* PBXContainerItemProxy */;
		};
		DBBAA4492D4DF46200F70230 /* PBXTargetDependency */ = {
			isa = PBXTargetDependency;
			target = DBBAA42C2D4DF46000F70230 /* CI_CD_TestApp */;
			targetProxy = DBBAA4482D4DF46200F70230 /* PBXContainerItemProxy */;
		};
/* End PBXTargetDependency section */

/* Begin XCBuildConfiguration section */
		DBBAA44F2D4DF46200F70230 /* Debug */ = {
			isa = XCBuildConfiguration;
			buildSettings = {
				ALWAYS_SEARCH_USER_PATHS = NO;
				ASSETCATALOG_COMPILER_GENERATE_SWIFT_ASSET_SYMBOL_EXTENSIONS = YES;
				CLANG_ANALYZER_NONNULL = YES;
				CLANG_ANALYZER_NUMBER_OBJECT_CONVERSION = YES_AGGRESSIVE;
				CLANG_CXX_LANGUAGE_STANDARD = "gnu++20";
				CLANG_ENABLE_MODULES = YES;
				CLANG_ENABLE_OBJC_ARC = YES;
				CLANG_ENABLE_OBJC_WEAK = YES;
				CLANG_WARN_BLOCK_CAPTURE_AUTORELEASING = YES;
				CLANG_WARN_BOOL_CONVERSION = YES;
				CLANG_WARN_COMMA = YES;
				CLANG_WARN_CONSTANT_CONVERSION = YES;
				CLANG_WARN_DEPRECATED_OBJC_IMPLEMENTATIONS = YES;
				CLANG_WARN_DIRECT_OBJC_ISA_USAGE = YES_ERROR;
				CLANG_WARN_DOCUMENTATION_COMMENTS = YES;
				CLANG_WARN_EMPTY_BODY = YES;
				CLANG_WARN_ENUM_CONVERSION = YES;
				CLANG_WARN_INFINITE_RECURSION = YES;
				CLANG_WARN_INT_CONVERSION = YES;
				CLANG_WARN_NON_LITERAL_NULL_CONVERSION = YES;
				CLANG_WARN_OBJC_IMPLICIT_RETAIN_SELF = YES;
				CLANG_WARN_OBJC_LITERAL_CONVERSION = YES;
				CLANG_WARN_OBJC_ROOT_CLASS = YES_ERROR;
				CLANG_WARN_QUOTED_INCLUDE_IN_FRAMEWORK_HEADER = YES;
				CLANG_WARN_RANGE_LOOP_ANALYSIS = YES;
				CLANG_WARN_STRICT_PROTOTYPES = YES;
				CLANG_WARN_SUSPICIOUS_MOVE = YES;
				CLANG_WARN_UNGUARDED_AVAILABILITY = YES_AGGRESSIVE;
				CLANG_WARN_UNREACHABLE_CODE = YES;
				CLANG_WARN__DUPLICATE_METHOD_MATCH = YES;
				COPY_PHASE_STRIP = NO;
				DEBUG_INFORMATION_FORMAT = dwarf;
				ENABLE_STRICT_OBJC_MSGSEND = YES;
				ENABLE_TESTABILITY = YES;
				ENABLE_USER_SCRIPT_SANDBOXING = YES;
				GCC_C_LANGUAGE_STANDARD = gnu17;
				GCC_DYNAMIC_NO_PIC = NO;
				GCC_NO_COMMON_BLOCKS = YES;
				GCC_OPTIMIZATION_LEVEL = 0;
				GCC_PREPROCESSOR_DEFINITIONS = (
					"DEBUG=1",
					"$(inherited)",
				);
				GCC_WARN_64_TO_32_BIT_CONVERSION = YES;
				GCC_WARN_ABOUT_RETURN_TYPE = YES_ERROR;
				GCC_WARN_UNDECLARED_SELECTOR = YES;
				GCC_WARN_UNINITIALIZED_AUTOS = YES_AGGRESSIVE;
				GCC_WARN_UNUSED_FUNCTION = YES;
				GCC_WARN_UNUSED_VARIABLE = YES;
				IPHONEOS_DEPLOYMENT_TARGET = 18.2;
				LOCALIZATION_PREFERS_STRING_CATALOGS = YES;
				MTL_ENABLE_DEBUG_INFO = INCLUDE_SOURCE;
				MTL_FAST_MATH = YES;
				ONLY_ACTIVE_ARCH = YES;
				SDKROOT = iphoneos;
				SWIFT_ACTIVE_COMPILATION_CONDITIONS = "DEBUG $(inherited)";
				SWIFT_OPTIMIZATION_LEVEL = "-Onone";
			};
			name = Debug;
		};
		DBBAA4502D4DF46200F70230 /* Release */ = {
			isa = XCBuildConfiguration;
			buildSettings = {
				ALWAYS_SEARCH_USER_PATHS = NO;
				ASSETCATALOG_COMPILER_GENERATE_SWIFT_ASSET_SYMBOL_EXTENSIONS = YES;
				CLANG_ANALYZER_NONNULL = YES;
				CLANG_ANALYZER_NUMBER_OBJECT_CONVERSION = YES_AGGRESSIVE;
				CLANG_CXX_LANGUAGE_STANDARD = "gnu++20";
				CLANG_ENABLE_MODULES = YES;
				CLANG_ENABLE_OBJC_ARC = YES;
				CLANG_ENABLE_OBJC_WEAK = YES;
				CLANG_WARN_BLOCK_CAPTURE_AUTORELEASING = YES;
				CLANG_WARN_BOOL_CONVERSION = YES;
				CLANG_WARN_COMMA = YES;
				CLANG_WARN_CONSTANT_CONVERSION = YES;
				CLANG_WARN_DEPRECATED_OBJC_IMPLEMENTATIONS = YES;
				CLANG_WARN_DIRECT_OBJC_ISA_USAGE = YES_ERROR;
				CLANG_WARN_DOCUMENTATION_COMMENTS = YES;
				CLANG_WARN_EMPTY_BODY = YES;
				CLANG_WARN_ENUM_CONVERSION = YES;
				CLANG_WARN_INFINITE_RECURSION = YES;
				CLANG_WARN_INT_CONVERSION = YES;
				CLANG_WARN_NON_LITERAL_NULL_CONVERSION = YES;
				CLANG_WARN_OBJC_IMPLICIT_RETAIN_SELF = YES;
				CLANG_WARN_OBJC_LITERAL_CONVERSION = YES;
				CLANG_WARN_OBJC_ROOT_CLASS = YES_ERROR;
				CLANG_WARN_QUOTED_INCLUDE_IN_FRAMEWORK_HEADER = YES;
				CLANG_WARN_RANGE_LOOP_ANALYSIS = YES;
				CLANG_WARN_STRICT_PROTOTYPES = YES;
				CLANG_WARN_SUSPICIOUS_MOVE = YES;
				CLANG_WARN_UNGUARDED_AVAILABILITY = YES_AGGRESSIVE;
				CLANG_WARN_UNREACHABLE_CODE = YES;
				CLANG_WARN__DUPLICATE_METHOD_MATCH = YES;
				COPY_PHASE_STRIP = NO;
				DEBUG_INFORMATION_FORMAT = "dwarf-with-dsym";
				ENABLE_NS_ASSERTIONS = NO;
				ENABLE_STRICT_OBJC_MSGSEND = YES;
				ENABLE_USER_SCRIPT_SANDBOXING = YES;
				GCC_C_LANGUAGE_STANDARD = gnu17;
				GCC_NO_COMMON_BLOCKS = YES;
				GCC_WARN_64_TO_32_BIT_CONVERSION = YES;
				GCC_WARN_ABOUT_RETURN_TYPE = YES_ERROR;
				GCC_WARN_UNDECLARED_SELECTOR = YES;
				GCC_WARN_UNINITIALIZED_AUTOS = YES_AGGRESSIVE;
				GCC_WARN_UNUSED_FUNCTION = YES;
				GCC_WARN_UNUSED_VARIABLE = YES;
				IPHONEOS_DEPLOYMENT_TARGET = 18.2;
				LOCALIZATION_PREFERS_STRING_CATALOGS = YES;
				MTL_ENABLE_DEBUG_INFO = NO;
				MTL_FAST_MATH = YES;
				SDKROOT = iphoneos;
				SWIFT_COMPILATION_MODE = wholemodule;
				VALIDATE_PRODUCT = YES;
			};
			name = Release;
		};
		DBBAA4522D4DF46200F70230 /* Debug */ = {
			isa = XCBuildConfiguration;
			buildSettings = {
				ASSETCATALOG_COMPILER_APPICON_NAME = AppIcon;
				ASSETCATALOG_COMPILER_GLOBAL_ACCENT_COLOR_NAME = AccentColor;
				CODE_SIGN_STYLE = Automatic;
				CURRENT_PROJECT_VERSION = 1;
				DEVELOPMENT_ASSET_PATHS = "\"CI_CD_TestApp/Preview Content\"";
				DEVELOPMENT_TEAM = GXC72G385T;
				ENABLE_PREVIEWS = YES;
				GENERATE_INFOPLIST_FILE = YES;
				INFOPLIST_KEY_UIApplicationSceneManifest_Generation = YES;
				INFOPLIST_KEY_UIApplicationSupportsIndirectInputEvents = YES;
				INFOPLIST_KEY_UILaunchScreen_Generation = YES;
				INFOPLIST_KEY_UISupportedInterfaceOrientations_iPad = "UIInterfaceOrientationPortrait UIInterfaceOrientationPortraitUpsideDown UIInterfaceOrientationLandscapeLeft UIInterfaceOrientationLandscapeRight";
				INFOPLIST_KEY_UISupportedInterfaceOrientations_iPhone = "UIInterfaceOrientationPortrait UIInterfaceOrientationLandscapeLeft UIInterfaceOrientationLandscapeRight";
				LD_RUNPATH_SEARCH_PATHS = (
					"$(inherited)",
					"@executable_path/Frameworks",
				);
				MARKETING_VERSION = 1.0;
				PRODUCT_BUNDLE_IDENTIFIER = "com.kmh.study.CI-CD-TestApp";
				PRODUCT_NAME = "$(TARGET_NAME)";
				SWIFT_EMIT_LOC_STRINGS = YES;
				SWIFT_VERSION = 5.0;
				TARGETED_DEVICE_FAMILY = "1,2";
			};
			name = Debug;
		};
		DBBAA4532D4DF46200F70230 /* Release */ = {
			isa = XCBuildConfiguration;
			buildSettings = {
				ASSETCATALOG_COMPILER_APPICON_NAME = AppIcon;
				ASSETCATALOG_COMPILER_GLOBAL_ACCENT_COLOR_NAME = AccentColor;
				CODE_SIGN_STYLE = Automatic;
				CURRENT_PROJECT_VERSION = 1;
				DEVELOPMENT_ASSET_PATHS = "\"CI_CD_TestApp/Preview Content\"";
				DEVELOPMENT_TEAM = GXC72G385T;
				ENABLE_PREVIEWS = YES;
				GENERATE_INFOPLIST_FILE = YES;
				INFOPLIST_KEY_UIApplicationSceneManifest_Generation = YES;
				INFOPLIST_KEY_UIApplicationSupportsIndirectInputEvents = YES;
				INFOPLIST_KEY_UILaunchScreen_Generation = YES;
				INFOPLIST_KEY_UISupportedInterfaceOrientations_iPad = "UIInterfaceOrientationPortrait UIInterfaceOrientationPortraitUpsideDown UIInterfaceOrientationLandscapeLeft UIInterfaceOrientationLandscapeRight";
				INFOPLIST_KEY_UISupportedInterfaceOrientations_iPhone = "UIInterfaceOrientationPortrait UIInterfaceOrientationLandscapeLeft UIInterfaceOrientationLandscapeRight";
				LD_RUNPATH_SEARCH_PATHS = (
					"$(inherited)",
					"@executable_path/Frameworks",
				);
				MARKETING_VERSION = 1.0;
				PRODUCT_BUNDLE_IDENTIFIER = "com.kmh.study.CI-CD-TestApp";
				PRODUCT_NAME = "$(TARGET_NAME)";
				SWIFT_EMIT_LOC_STRINGS = YES;
				SWIFT_VERSION = 5.0;
				TARGETED_DEVICE_FAMILY = "1,2";
			};
			name = Release;
		};
		DBBAA4552D4DF46200F70230 /* Debug */ = {
			isa = XCBuildConfiguration;
			buildSettings = {
				BUNDLE_LOADER = "$(TEST_HOST)";
				CODE_SIGN_STYLE = Automatic;
				CURRENT_PROJECT_VERSION = 1;
				DEVELOPMENT_TEAM = GXC72G385T;
				GENERATE_INFOPLIST_FILE = YES;
				IPHONEOS_DEPLOYMENT_TARGET = 18.2;
				MARKETING_VERSION = 1.0;
				PRODUCT_BUNDLE_IDENTIFIER = "com.kmh.study.CI-CD-TestAppTests";
				PRODUCT_NAME = "$(TARGET_NAME)";
				SWIFT_EMIT_LOC_STRINGS = NO;
				SWIFT_VERSION = 5.0;
				TARGETED_DEVICE_FAMILY = "1,2";
				TEST_HOST = "$(BUILT_PRODUCTS_DIR)/CI_CD_TestApp.app/$(BUNDLE_EXECUTABLE_FOLDER_PATH)/CI_CD_TestApp";
			};
			name = Debug;
		};
		DBBAA4562D4DF46200F70230 /* Release */ = {
			isa = XCBuildConfiguration;
			buildSettings = {
				BUNDLE_LOADER = "$(TEST_HOST)";
				CODE_SIGN_STYLE = Automatic;
				CURRENT_PROJECT_VERSION = 1;
				DEVELOPMENT_TEAM = GXC72G385T;
				GENERATE_INFOPLIST_FILE = YES;
				IPHONEOS_DEPLOYMENT_TARGET = 18.2;
				MARKETING_VERSION = 1.0;
				PRODUCT_BUNDLE_IDENTIFIER = "com.kmh.study.CI-CD-TestAppTests";
				PRODUCT_NAME = "$(TARGET_NAME)";
				SWIFT_EMIT_LOC_STRINGS = NO;
				SWIFT_VERSION = 5.0;
				TARGETED_DEVICE_FAMILY = "1,2";
				TEST_HOST = "$(BUILT_PRODUCTS_DIR)/CI_CD_TestApp.app/$(BUNDLE_EXECUTABLE_FOLDER_PATH)/CI_CD_TestApp";
			};
			name = Release;
		};
		DBBAA4582D4DF46200F70230 /* Debug */ = {
			isa = XCBuildConfiguration;
			buildSettings = {
				CODE_SIGN_STYLE = Automatic;
				CURRENT_PROJECT_VERSION = 1;
				DEVELOPMENT_TEAM = GXC72G385T;
				GENERATE_INFOPLIST_FILE = YES;
				MARKETING_VERSION = 1.0;
				PRODUCT_BUNDLE_IDENTIFIER = "com.kmh.study.CI-CD-TestAppUITests";
				PRODUCT_NAME = "$(TARGET_NAME)";
				SWIFT_EMIT_LOC_STRINGS = NO;
				SWIFT_VERSION = 5.0;
				TARGETED_DEVICE_FAMILY = "1,2";
				TEST_TARGET_NAME = CI_CD_TestApp;
			};
			name = Debug;
		};
		DBBAA4592D4DF46200F70230 /* Release */ = {
			isa = XCBuildConfiguration;
			buildSettings = {
				CODE_SIGN_STYLE = Automatic;
				CURRENT_PROJECT_VERSION = 1;
				DEVELOPMENT_TEAM = GXC72G385T;
				GENERATE_INFOPLIST_FILE = YES;
				MARKETING_VERSION = 1.0;
				PRODUCT_BUNDLE_IDENTIFIER = "com.kmh.study.CI-CD-TestAppUITests";
				PRODUCT_NAME = "$(TARGET_NAME)";
				SWIFT_EMIT_LOC_STRINGS = NO;
				SWIFT_VERSION = 5.0;
				TARGETED_DEVICE_FAMILY = "1,2";
				TEST_TARGET_NAME = CI_CD_TestApp;
			};
			name = Release;
		};
/* End XCBuildConfiguration section */

/* Begin XCConfigurationList section */
		DBBAA4282D4DF46000F70230 /* Build configuration list for PBXProject "CI_CD_TestApp" */ = {
			isa = XCConfigurationList;
			buildConfigurations = (
				DBBAA44F2D4DF46200F70230 /* Debug */,
				DBBAA4502D4DF46200F70230 /* Release */,
			);
			defaultConfigurationIsVisible = 0;
			defaultConfigurationName = Release;
		};
		DBBAA4512D4DF46200F70230 /* Build configuration list for PBXNativeTarget "CI_CD_TestApp" */ = {
			isa = XCConfigurationList;
			buildConfigurations = (
				DBBAA4522D4DF46200F70230 /* Debug */,
				DBBAA4532D4DF46200F70230 /* Release */,
			);
			defaultConfigurationIsVisible = 0;
			defaultConfigurationName = Release;
		};
		DBBAA4542D4DF46200F70230 /* Build configuration list for PBXNativeTarget "CI_CD_TestAppTests" */ = {
			isa = XCConfigurationList;
			buildConfigurations = (
				DBBAA4552D4DF46200F70230 /* Debug */,
				DBBAA4562D4DF46200F70230 /* Release */,
			);
			defaultConfigurationIsVisible = 0;
			defaultConfigurationName = Release;
		};
		DBBAA4572D4DF46200F70230 /* Build configuration list for PBXNativeTarget "CI_CD_TestAppUITests" */ = {
			isa = XCConfigurationList;
			buildConfigurations = (
				DBBAA4582D4DF46200F70230 /* Debug */,
				DBBAA4592D4DF46200F70230 /* Release */,
			);
			defaultConfigurationIsVisible = 0;
			defaultConfigurationName = Release;
		};
/* End XCConfigurationList section */
	};
	rootObject = DBBAA4252D4DF46000F70230 /* Project object */;
}
